// !$*UTF8*$!
{
	archiveVersion = 1;
	classes = {
	};
	objectVersion = 77;
	objects = {

/* Begin PBXBuildFile section */
		01224D2762F7E34ABCD8F997 /* Localization.swift in Sources */ = {isa = PBXBuildFile; fileRef = F0A397CE5466BF9023B8C64E /* Localization.swift */; };
		06B94FC71CE23D11DFF2E4FA /* BackupV2.swift in Sources */ = {isa = PBXBuildFile; fileRef = E794BFB82F2CA7D59029CE6C /* BackupV2.swift */; };
		13F79B4CB2A59FD2CE08D719 /* StudentListView.swift in Sources */ = {isa = PBXBuildFile; fileRef = 6C795B00D06F6D1CC952B1B5 /* StudentListView.swift */; };
		247D87F1107CED8D9C43EB7F /* Student.swift in Sources */ = {isa = PBXBuildFile; fileRef = 84558A75B7F5569D5834EC1C /* Student.swift */; };
		31B98CAA59DF5B0F6692B0F0 /* EditStudentView.swift in Sources */ = {isa = PBXBuildFile; fileRef = C3158C2A5B5C8C552F11D831 /* EditStudentView.swift */; };
		459207BC5BE5ACB5E72B0D02 /* MeasurementTrendView.swift in Sources */ = {isa = PBXBuildFile; fileRef = 7146554FFA44037944715C42 /* MeasurementTrendView.swift */; };
		463CA3A631E7C1DBEE2A7FB8 /* FitCoachApp.swift in Sources */ = {isa = PBXBuildFile; fileRef = 01CB85E9030E4074F6C47563 /* FitCoachApp.swift */; };
		482AE0E389196D270D867E5B /* FitCoachSmokeUITests.swift in Sources */ = {isa = PBXBuildFile; fileRef = 815CAFB6EC8E6368893FEA93 /* FitCoachSmokeUITests.swift */; };
		496DEDC97928646D4A62722E /* SettingsView.swift in Sources */ = {isa = PBXBuildFile; fileRef = 0343357B014518A3ADFF6179 /* SettingsView.swift */; };
		532E1669864DAC0D87922E52 /* SessionService.swift in Sources */ = {isa = PBXBuildFile; fileRef = 86CDE22294BD22F279E1F24A /* SessionService.swift */; };
		548BE2C03603D0F93F6005C2 /* WorkoutSession.swift in Sources */ = {isa = PBXBuildFile; fileRef = 0B1D07567FC46E6C33EB91BA /* WorkoutSession.swift */; };
		6560E3B5E5481BF9606E10B2 /* OnboardingView.swift in Sources */ = {isa = PBXBuildFile; fileRef = A028AE5A7411E17636C43FB6 /* OnboardingView.swift */; };
		6B59FB520D515F5AEF73085E /* ActiveWorkoutView.swift in Sources */ = {isa = PBXBuildFile; fileRef = DE12222859B86664A5A47A08 /* ActiveWorkoutView.swift */; };
		7B076B3CC95493A204EFB1B5 /* AddStudentView.swift in Sources */ = {isa = PBXBuildFile; fileRef = ECAD1C8BD4E0D5B27D191615 /* AddStudentView.swift */; };
		845E2FCF39E6B5E08C1F94DB /* AddWorkoutSessionView.swift in Sources */ = {isa = PBXBuildFile; fileRef = 3ED7DE9AAEB46C8E151233C2 /* AddWorkoutSessionView.swift */; };
		881C6163E9F5795649C0C811 /* TodayView.swift in Sources */ = {isa = PBXBuildFile; fileRef = 40FFE2E29414939F2B219251 /* TodayView.swift */; };
		8C170BEC7E14FBFF13E2401D /* StudentDetailView.swift in Sources */ = {isa = PBXBuildFile; fileRef = 4BB996ACA965F1175244FB2A /* StudentDetailView.swift */; };
		8C1755545D865747CBF1B818 /* Assets.xcassets in Resources */ = {isa = PBXBuildFile; fileRef = 8470225FA19D89C22644FB45 /* Assets.xcassets */; };
		8D48C27C46BB444DA1375523 /* TemplatesView.swift in Sources */ = {isa = PBXBuildFile; fileRef = A053832B2999103C43BA38FD /* TemplatesView.swift */; };
		8F8D757184207745E58EB5E1 /* SessionHistoryDetailView.swift in Sources */ = {isa = PBXBuildFile; fileRef = 5990F5C9AF133D37AE09CFDA /* SessionHistoryDetailView.swift */; };
		AD404DEB401FFE78441FA8DC /* WorkoutCompletionView.swift in Sources */ = {isa = PBXBuildFile; fileRef = CF5593EF10F1B273943AE66C /* WorkoutCompletionView.swift */; };
		AEDFC4425F0072AFC1294A0E /* TrainingModels.swift in Sources */ = {isa = PBXBuildFile; fileRef = E3A19A358A5C009A0A89321C /* TrainingModels.swift */; };
		BFF47BDE4A8C76903A58B144 /* BackupV2Tests.swift in Sources */ = {isa = PBXBuildFile; fileRef = 47B4B04863232260F7BB41B4 /* BackupV2Tests.swift */; };
		C73DEE7BCBBF059D6F934246 /* DemoDataSeeder.swift in Sources */ = {isa = PBXBuildFile; fileRef = 93AF98198C341AEB0E7D2B0D /* DemoDataSeeder.swift */; };
		CD2C5C03F45B384B9F92BFAE /* AppTheme.swift in Sources */ = {isa = PBXBuildFile; fileRef = D323E88F1E845E2C00F71458 /* AppTheme.swift */; };
		D118F40B614877B65EDF3AA8 /* RootView.swift in Sources */ = {isa = PBXBuildFile; fileRef = D147E83C60381FCF1968FCC6 /* RootView.swift */; };
		E0B81EA2939E66173126C6B1 /* WorkoutSessionDetailView.swift in Sources */ = {isa = PBXBuildFile; fileRef = 394A42D7DC17BA8D0CA5BD35 /* WorkoutSessionDetailView.swift */; };
		F113A685F6380F25DB1EAA0A /* ExerciseEntry.swift in Sources */ = {isa = PBXBuildFile; fileRef = D2E0E2B069D653E11B711F94 /* ExerciseEntry.swift */; };
		F4D7834334DAB487708F1E7A /* SessionServiceTests.swift in Sources */ = {isa = PBXBuildFile; fileRef = 954781C58DB0B28999A9C41E /* SessionServiceTests.swift */; };
		FA9A2FB251E0708544D3E2EC /* Backup.swift in Sources */ = {isa = PBXBuildFile; fileRef = 1D4B4C15D7903D4D2EB1879A /* Backup.swift */; };
		FB22A188BB6655C79A3A4D02 /* LegacyDataBackfill.swift in Sources */ = {isa = PBXBuildFile; fileRef = 01CED3F9B65EE864B80B9662 /* LegacyDataBackfill.swift */; };
		FE55321EB9475A2EC2CC7772 /* AppShellView.swift in Sources */ = {isa = PBXBuildFile; fileRef = 7AA7574924692C654DA530E5 /* AppShellView.swift */; };
/* End PBXBuildFile section */

/* Begin PBXContainerItemProxy section */
		0147A8676FCD515B2CBA0EEE /* PBXContainerItemProxy */ = {
			isa = PBXContainerItemProxy;
			containerPortal = FC356417FA740DB7CA805B67 /* Project object */;
			proxyType = 1;
			remoteGlobalIDString = 3E7DA598C79ABFFDE3DB69CD;
			remoteInfo = FitCoach;
		};
		BF7C96D9D07791B47818BD31 /* PBXContainerItemProxy */ = {
			isa = PBXContainerItemProxy;
			containerPortal = FC356417FA740DB7CA805B67 /* Project object */;
			proxyType = 1;
			remoteGlobalIDString = 3E7DA598C79ABFFDE3DB69CD;
			remoteInfo = FitCoach;
		};
/* End PBXContainerItemProxy section */

/* Begin PBXFileReference section */
		01CB85E9030E4074F6C47563 /* FitCoachApp.swift */ = {isa = PBXFileReference; lastKnownFileType = sourcecode.swift; path = FitCoachApp.swift; sourceTree = "<group>"; };
		01CED3F9B65EE864B80B9662 /* LegacyDataBackfill.swift */ = {isa = PBXFileReference; lastKnownFileType = sourcecode.swift; path = LegacyDataBackfill.swift; sourceTree = "<group>"; };
		0343357B014518A3ADFF6179 /* SettingsView.swift */ = {isa = PBXFileReference; lastKnownFileType = sourcecode.swift; path = SettingsView.swift; sourceTree = "<group>"; };
		07A721E7F964AA9414BFF492 /* FitCoachUITests.xctest */ = {isa = PBXFileReference; includeInIndex = 0; lastKnownFileType = wrapper.cfbundle; path = FitCoachUITests.xctest; sourceTree = BUILT_PRODUCTS_DIR; };
		0B1D07567FC46E6C33EB91BA /* WorkoutSession.swift */ = {isa = PBXFileReference; lastKnownFileType = sourcecode.swift; path = WorkoutSession.swift; sourceTree = "<group>"; };
		1D4B4C15D7903D4D2EB1879A /* Backup.swift */ = {isa = PBXFileReference; lastKnownFileType = sourcecode.swift; path = Backup.swift; sourceTree = "<group>"; };
		394A42D7DC17BA8D0CA5BD35 /* WorkoutSessionDetailView.swift */ = {isa = PBXFileReference; lastKnownFileType = sourcecode.swift; path = WorkoutSessionDetailView.swift; sourceTree = "<group>"; };
		3BDB78072240F889AE623256 /* FitCoachTests.xctest */ = {isa = PBXFileReference; includeInIndex = 0; lastKnownFileType = wrapper.cfbundle; path = FitCoachTests.xctest; sourceTree = BUILT_PRODUCTS_DIR; };
		3ED7DE9AAEB46C8E151233C2 /* AddWorkoutSessionView.swift */ = {isa = PBXFileReference; lastKnownFileType = sourcecode.swift; path = AddWorkoutSessionView.swift; sourceTree = "<group>"; };
		40FFE2E29414939F2B219251 /* TodayView.swift */ = {isa = PBXFileReference; lastKnownFileType = sourcecode.swift; path = TodayView.swift; sourceTree = "<group>"; };
		47B4B04863232260F7BB41B4 /* BackupV2Tests.swift */ = {isa = PBXFileReference; lastKnownFileType = sourcecode.swift; path = BackupV2Tests.swift; sourceTree = "<group>"; };
		4BB996ACA965F1175244FB2A /* StudentDetailView.swift */ = {isa = PBXFileReference; lastKnownFileType = sourcecode.swift; path = StudentDetailView.swift; sourceTree = "<group>"; };
		5990F5C9AF133D37AE09CFDA /* SessionHistoryDetailView.swift */ = {isa = PBXFileReference; lastKnownFileType = sourcecode.swift; path = SessionHistoryDetailView.swift; sourceTree = "<group>"; };
		6C795B00D06F6D1CC952B1B5 /* StudentListView.swift */ = {isa = PBXFileReference; lastKnownFileType = sourcecode.swift; path = StudentListView.swift; sourceTree = "<group>"; };
		7146554FFA44037944715C42 /* MeasurementTrendView.swift */ = {isa = PBXFileReference; lastKnownFileType = sourcecode.swift; path = MeasurementTrendView.swift; sourceTree = "<group>"; };
		79DE340BBCECA4A9C45FE9AE /* FitCoach.app */ = {isa = PBXFileReference; includeInIndex = 0; lastKnownFileType = wrapper.application; path = FitCoach.app; sourceTree = BUILT_PRODUCTS_DIR; };
		7AA7574924692C654DA530E5 /* AppShellView.swift */ = {isa = PBXFileReference; lastKnownFileType = sourcecode.swift; path = AppShellView.swift; sourceTree = "<group>"; };
		815CAFB6EC8E6368893FEA93 /* FitCoachSmokeUITests.swift */ = {isa = PBXFileReference; lastKnownFileType = sourcecode.swift; path = FitCoachSmokeUITests.swift; sourceTree = "<group>"; };
		84558A75B7F5569D5834EC1C /* Student.swift */ = {isa = PBXFileReference; lastKnownFileType = sourcecode.swift; path = Student.swift; sourceTree = "<group>"; };
		8470225FA19D89C22644FB45 /* Assets.xcassets */ = {isa = PBXFileReference; lastKnownFileType = folder.assetcatalog; path = Assets.xcassets; sourceTree = "<group>"; };
		86CDE22294BD22F279E1F24A /* SessionService.swift */ = {isa = PBXFileReference; lastKnownFileType = sourcecode.swift; path = SessionService.swift; sourceTree = "<group>"; };
		93AF98198C341AEB0E7D2B0D /* DemoDataSeeder.swift */ = {isa = PBXFileReference; lastKnownFileType = sourcecode.swift; path = DemoDataSeeder.swift; sourceTree = "<group>"; };
		954781C58DB0B28999A9C41E /* SessionServiceTests.swift */ = {isa = PBXFileReference; lastKnownFileType = sourcecode.swift; path = SessionServiceTests.swift; sourceTree = "<group>"; };
		A028AE5A7411E17636C43FB6 /* OnboardingView.swift */ = {isa = PBXFileReference; lastKnownFileType = sourcecode.swift; path = OnboardingView.swift; sourceTree = "<group>"; };
		A053832B2999103C43BA38FD /* TemplatesView.swift */ = {isa = PBXFileReference; lastKnownFileType = sourcecode.swift; path = TemplatesView.swift; sourceTree = "<group>"; };
		C3158C2A5B5C8C552F11D831 /* EditStudentView.swift */ = {isa = PBXFileReference; lastKnownFileType = sourcecode.swift; path = EditStudentView.swift; sourceTree = "<group>"; };
		CF5593EF10F1B273943AE66C /* WorkoutCompletionView.swift */ = {isa = PBXFileReference; lastKnownFileType = sourcecode.swift; path = WorkoutCompletionView.swift; sourceTree = "<group>"; };
		D147E83C60381FCF1968FCC6 /* RootView.swift */ = {isa = PBXFileReference; lastKnownFileType = sourcecode.swift; path = RootView.swift; sourceTree = "<group>"; };
		D2E0E2B069D653E11B711F94 /* ExerciseEntry.swift */ = {isa = PBXFileReference; lastKnownFileType = sourcecode.swift; path = ExerciseEntry.swift; sourceTree = "<group>"; };
		D323E88F1E845E2C00F71458 /* AppTheme.swift */ = {isa = PBXFileReference; lastKnownFileType = sourcecode.swift; path = AppTheme.swift; sourceTree = "<group>"; };
		DE12222859B86664A5A47A08 /* ActiveWorkoutView.swift */ = {isa = PBXFileReference; lastKnownFileType = sourcecode.swift; path = ActiveWorkoutView.swift; sourceTree = "<group>"; };
		E3A19A358A5C009A0A89321C /* TrainingModels.swift */ = {isa = PBXFileReference; lastKnownFileType = sourcecode.swift; path = TrainingModels.swift; sourceTree = "<group>"; };
		E794BFB82F2CA7D59029CE6C /* BackupV2.swift */ = {isa = PBXFileReference; lastKnownFileType = sourcecode.swift; path = BackupV2.swift; sourceTree = "<group>"; };
		ECAD1C8BD4E0D5B27D191615 /* AddStudentView.swift */ = {isa = PBXFileReference; lastKnownFileType = sourcecode.swift; path = AddStudentView.swift; sourceTree = "<group>"; };
		F0A397CE5466BF9023B8C64E /* Localization.swift */ = {isa = PBXFileReference; lastKnownFileType = sourcecode.swift; path = Localization.swift; sourceTree = "<group>"; };
/* End PBXFileReference section */

/* Begin PBXGroup section */
		01C1B921C508E2C289DAC52F /* Services */ = {
			isa = PBXGroup;
			children = (
				01CED3F9B65EE864B80B9662 /* LegacyDataBackfill.swift */,
				86CDE22294BD22F279E1F24A /* SessionService.swift */,
			);
			path = Services;
			sourceTree = "<group>";
		};
		18FE7F448C959136FB620E28 /* FitCoachUITests */ = {
			isa = PBXGroup;
			children = (
				815CAFB6EC8E6368893FEA93 /* FitCoachSmokeUITests.swift */,
			);
			path = FitCoachUITests;
			sourceTree = "<group>";
		};
		2518C457F7927FF50A1052B2 /* Models */ = {
			isa = PBXGroup;
			children = (
				1D4B4C15D7903D4D2EB1879A /* Backup.swift */,
				E794BFB82F2CA7D59029CE6C /* BackupV2.swift */,
				D2E0E2B069D653E11B711F94 /* ExerciseEntry.swift */,
				F0A397CE5466BF9023B8C64E /* Localization.swift */,
				84558A75B7F5569D5834EC1C /* Student.swift */,
				E3A19A358A5C009A0A89321C /* TrainingModels.swift */,
				0B1D07567FC46E6C33EB91BA /* WorkoutSession.swift */,
			);
			path = Models;
			sourceTree = "<group>";
		};
		2D3B14D7CDD13AD94BEC2AB5 /* Products */ = {
			isa = PBXGroup;
			children = (
				79DE340BBCECA4A9C45FE9AE /* FitCoach.app */,
				3BDB78072240F889AE623256 /* FitCoachTests.xctest */,
				07A721E7F964AA9414BFF492 /* FitCoachUITests.xctest */,
			);
			name = Products;
			sourceTree = "<group>";
		};
		3923648EF883C3D4CAEBD3D5 /* Design */ = {
			isa = PBXGroup;
			children = (
				D323E88F1E845E2C00F71458 /* AppTheme.swift */,
			);
			path = Design;
			sourceTree = "<group>";
		};
		C2FC3DEC6E7574DB3698CE7E /* FitCoach */ = {
			isa = PBXGroup;
			children = (
				3923648EF883C3D4CAEBD3D5 /* Design */,
				2518C457F7927FF50A1052B2 /* Models */,
				01C1B921C508E2C289DAC52F /* Services */,
				ECE33B4F4BDC126745F824D4 /* Support */,
				D3BB6B3E277D345ED16128CE /* Views */,
				8470225FA19D89C22644FB45 /* Assets.xcassets */,
				01CB85E9030E4074F6C47563 /* FitCoachApp.swift */,
			);
			path = FitCoach;
			sourceTree = "<group>";
		};
		D3BB6B3E277D345ED16128CE /* Views */ = {
			isa = PBXGroup;
			children = (
				DE12222859B86664A5A47A08 /* ActiveWorkoutView.swift */,
				ECAD1C8BD4E0D5B27D191615 /* AddStudentView.swift */,
				3ED7DE9AAEB46C8E151233C2 /* AddWorkoutSessionView.swift */,
				7AA7574924692C654DA530E5 /* AppShellView.swift */,
				C3158C2A5B5C8C552F11D831 /* EditStudentView.swift */,
				7146554FFA44037944715C42 /* MeasurementTrendView.swift */,
				A028AE5A7411E17636C43FB6 /* OnboardingView.swift */,
				D147E83C60381FCF1968FCC6 /* RootView.swift */,
				5990F5C9AF133D37AE09CFDA /* SessionHistoryDetailView.swift */,
				0343357B014518A3ADFF6179 /* SettingsView.swift */,
				4BB996ACA965F1175244FB2A /* StudentDetailView.swift */,
				6C795B00D06F6D1CC952B1B5 /* StudentListView.swift */,
				A053832B2999103C43BA38FD /* TemplatesView.swift */,
				40FFE2E29414939F2B219251 /* TodayView.swift */,
				CF5593EF10F1B273943AE66C /* WorkoutCompletionView.swift */,
				394A42D7DC17BA8D0CA5BD35 /* WorkoutSessionDetailView.swift */,
			);
			path = Views;
			sourceTree = "<group>";
		};
		DE3EBA910EF5BFEB5DAA9FF8 /* FitCoachTests */ = {
			isa = PBXGroup;
			children = (
				47B4B04863232260F7BB41B4 /* BackupV2Tests.swift */,
				954781C58DB0B28999A9C41E /* SessionServiceTests.swift */,
			);
			path = FitCoachTests;
			sourceTree = "<group>";
		};
		EABCB125F03E5A361930ED7A = {
			isa = PBXGroup;
			children = (
				C2FC3DEC6E7574DB3698CE7E /* FitCoach */,
				DE3EBA910EF5BFEB5DAA9FF8 /* FitCoachTests */,
				18FE7F448C959136FB620E28 /* FitCoachUITests */,
				2D3B14D7CDD13AD94BEC2AB5 /* Products */,
			);
			sourceTree = "<group>";
		};
		ECE33B4F4BDC126745F824D4 /* Support */ = {
			isa = PBXGroup;
			children = (
				93AF98198C341AEB0E7D2B0D /* DemoDataSeeder.swift */,
			);
			path = Support;
			sourceTree = "<group>";
		};
/* End PBXGroup section */

/* Begin PBXNativeTarget section */
		3E7DA598C79ABFFDE3DB69CD /* FitCoach */ = {
			isa = PBXNativeTarget;
			buildConfigurationList = 447F21BB531A8E810698BC29 /* Build configuration list for PBXNativeTarget "FitCoach" */;
			buildPhases = (
				A752AB106D22502AAF030CD8 /* Sources */,
				BCE90854858D0B6D22906C93 /* Resources */,
			);
			buildRules = (
			);
			dependencies = (
			);
			name = FitCoach;
			packageProductDependencies = (
			);
			productName = FitCoach;
			productReference = 79DE340BBCECA4A9C45FE9AE /* FitCoach.app */;
			productType = "com.apple.product-type.application";
		};
		95226774DA94B8D799DA9632 /* FitCoachUITests */ = {
			isa = PBXNativeTarget;
			buildConfigurationList = 55A5D4C77737173FEC6CBD58 /* Build configuration list for PBXNativeTarget "FitCoachUITests" */;
			buildPhases = (
				5DF52A150EEE44433776258D /* Sources */,
			);
			buildRules = (
			);
			dependencies = (
				C1803CFA92E86A2D281E7085 /* PBXTargetDependency */,
			);
			name = FitCoachUITests;
			packageProductDependencies = (
			);
			productName = FitCoachUITests;
			productReference = 07A721E7F964AA9414BFF492 /* FitCoachUITests.xctest */;
			productType = "com.apple.product-type.bundle.ui-testing";
		};
		ED0CAC1519AC81B131AA44BC /* FitCoachTests */ = {
			isa = PBXNativeTarget;
			buildConfigurationList = 17BB69F0E1E338A7CE205402 /* Build configuration list for PBXNativeTarget "FitCoachTests" */;
			buildPhases = (
				8C54FC5DB4790A100C1E763A /* Sources */,
			);
			buildRules = (
			);
			dependencies = (
				B71BC81353B3B0CE7BC02CDF /* PBXTargetDependency */,
			);
			name = FitCoachTests;
			packageProductDependencies = (
			);
			productName = FitCoachTests;
			productReference = 3BDB78072240F889AE623256 /* FitCoachTests.xctest */;
			productType = "com.apple.product-type.bundle.unit-test";
		};
/* End PBXNativeTarget section */

/* Begin PBXProject section */
		FC356417FA740DB7CA805B67 /* Project object */ = {
			isa = PBXProject;
			attributes = {
				BuildIndependentTargetsInParallel = YES;
				LastUpgradeCheck = 1430;
				TargetAttributes = {
					3E7DA598C79ABFFDE3DB69CD = {
						DevelopmentTeam = 6RG2F8YY59;
					};
					95226774DA94B8D799DA9632 = {
						TestTargetID = 3E7DA598C79ABFFDE3DB69CD;
					};
				};
			};
			buildConfigurationList = 3E947F04978CA0DE1744AC1B /* Build configuration list for PBXProject "FitCoach" */;
			developmentRegion = "zh-Hans";
			hasScannedForEncodings = 0;
			knownRegions = (
				Base,
				"zh-Hans",
			);
			mainGroup = EABCB125F03E5A361930ED7A;
			minimizedProjectReferenceProxies = 1;
			preferredProjectObjectVersion = 77;
			productRefGroup = 2D3B14D7CDD13AD94BEC2AB5 /* Products */;
			projectDirPath = "";
			projectRoot = "";
			targets = (
				3E7DA598C79ABFFDE3DB69CD /* FitCoach */,
				ED0CAC1519AC81B131AA44BC /* FitCoachTests */,
				95226774DA94B8D799DA9632 /* FitCoachUITests */,
			);
		};
/* End PBXProject section */

/* Begin PBXResourcesBuildPhase section */
		BCE90854858D0B6D22906C93 /* Resources */ = {
			isa = PBXResourcesBuildPhase;
			buildActionMask = 2147483647;
			files = (
				8C1755545D865747CBF1B818 /* Assets.xcassets in Resources */,
			);
			runOnlyForDeploymentPostprocessing = 0;
		};
/* End PBXResourcesBuildPhase section */

/* Begin PBXSourcesBuildPhase section */
		5DF52A150EEE44433776258D /* Sources */ = {
			isa = PBXSourcesBuildPhase;
			buildActionMask = 2147483647;
			files = (
				482AE0E389196D270D867E5B /* FitCoachSmokeUITests.swift in Sources */,
			);
			runOnlyForDeploymentPostprocessing = 0;
		};
		8C54FC5DB4790A100C1E763A /* Sources */ = {
			isa = PBXSourcesBuildPhase;
			buildActionMask = 2147483647;
			files = (
				BFF47BDE4A8C76903A58B144 /* BackupV2Tests.swift in Sources */,
				F4D7834334DAB487708F1E7A /* SessionServiceTests.swift in Sources */,
			);
			runOnlyForDeploymentPostprocessing = 0;
		};
		A752AB106D22502AAF030CD8 /* Sources */ = {
			isa = PBXSourcesBuildPhase;
			buildActionMask = 2147483647;
			files = (
				6B59FB520D515F5AEF73085E /* ActiveWorkoutView.swift in Sources */,
				7B076B3CC95493A204EFB1B5 /* AddStudentView.swift in Sources */,
				845E2FCF39E6B5E08C1F94DB /* AddWorkoutSessionView.swift in Sources */,
				FE55321EB9475A2EC2CC7772 /* AppShellView.swift in Sources */,
				CD2C5C03F45B384B9F92BFAE /* AppTheme.swift in Sources */,
				FA9A2FB251E0708544D3E2EC /* Backup.swift in Sources */,
				06B94FC71CE23D11DFF2E4FA /* BackupV2.swift in Sources */,
				C73DEE7BCBBF059D6F934246 /* DemoDataSeeder.swift in Sources */,
				31B98CAA59DF5B0F6692B0F0 /* EditStudentView.swift in Sources */,
				F113A685F6380F25DB1EAA0A /* ExerciseEntry.swift in Sources */,
				463CA3A631E7C1DBEE2A7FB8 /* FitCoachApp.swift in Sources */,
				FB22A188BB6655C79A3A4D02 /* LegacyDataBackfill.swift in Sources */,
				01224D2762F7E34ABCD8F997 /* Localization.swift in Sources */,
				459207BC5BE5ACB5E72B0D02 /* MeasurementTrendView.swift in Sources */,
				6560E3B5E5481BF9606E10B2 /* OnboardingView.swift in Sources */,
				D118F40B614877B65EDF3AA8 /* RootView.swift in Sources */,
				8F8D757184207745E58EB5E1 /* SessionHistoryDetailView.swift in Sources */,
				532E1669864DAC0D87922E52 /* SessionService.swift in Sources */,
				496DEDC97928646D4A62722E /* SettingsView.swift in Sources */,
				247D87F1107CED8D9C43EB7F /* Student.swift in Sources */,
				8C170BEC7E14FBFF13E2401D /* StudentDetailView.swift in Sources */,
				13F79B4CB2A59FD2CE08D719 /* StudentListView.swift in Sources */,
				8D48C27C46BB444DA1375523 /* TemplatesView.swift in Sources */,
				881C6163E9F5795649C0C811 /* TodayView.swift in Sources */,
				AEDFC4425F0072AFC1294A0E /* TrainingModels.swift in Sources */,
				AD404DEB401FFE78441FA8DC /* WorkoutCompletionView.swift in Sources */,
				548BE2C03603D0F93F6005C2 /* WorkoutSession.swift in Sources */,
				E0B81EA2939E66173126C6B1 /* WorkoutSessionDetailView.swift in Sources */,
			);
			runOnlyForDeploymentPostprocessing = 0;
		};
/* End PBXSourcesBuildPhase section */

/* Begin PBXTargetDependency section */
		B71BC81353B3B0CE7BC02CDF /* PBXTargetDependency */ = {
			isa = PBXTargetDependency;
			target = 3E7DA598C79ABFFDE3DB69CD /* FitCoach */;
			targetProxy = BF7C96D9D07791B47818BD31 /* PBXContainerItemProxy */;
		};
		C1803CFA92E86A2D281E7085 /* PBXTargetDependency */ = {
			isa = PBXTargetDependency;
			target = 3E7DA598C79ABFFDE3DB69CD /* FitCoach */;
			targetProxy = 0147A8676FCD515B2CBA0EEE /* PBXContainerItemProxy */;
		};
/* End PBXTargetDependency section */

/* Begin XCBuildConfiguration section */
		1154D4504D0E648744DE7BB4 /* Release */ = {
			isa = XCBuildConfiguration;
			buildSettings = {
				ALWAYS_SEARCH_USER_PATHS = NO;
				CLANG_ANALYZER_NONNULL = YES;
				CLANG_ANALYZER_NUMBER_OBJECT_CONVERSION = YES_AGGRESSIVE;
				CLANG_CXX_LANGUAGE_STANDARD = "gnu++14";
				CLANG_CXX_LIBRARY = "libc++";
				CLANG_ENABLE_MODULES = YES;
				CLANG_ENABLE_OBJC_ARC = YES;
				CLANG_ENABLE_OBJC_WEAK = YES;
				CLANG_WARN_BLOCK_CAPTURE_AUTORELEASING = YES;
				CLANG_WARN_BOOL_CONVERSION = YES;
				CLANG_WARN_COMMA = YES;
				CLANG_WARN_CONSTANT_CONVERSION = YES;
				CLANG_WARN_DEPRECATED_OBJC_IMPLEMENTATIONS = YES;
				CLANG_WARN_DIRECT_OBJC_ISA_USAGE = YES_ERROR;
				CLANG_WARN_DOCUMENTATION_COMMENTS = YES;
				CLANG_WARN_EMPTY_BODY = YES;
				CLANG_WARN_ENUM_CONVERSION = YES;
				CLANG_WARN_INFINITE_RECURSION = YES;
				CLANG_WARN_INT_CONVERSION = YES;
				CLANG_WARN_NON_LITERAL_NULL_CONVERSION = YES;
				CLANG_WARN_OBJC_IMPLICIT_RETAIN_SELF = YES;
				CLANG_WARN_OBJC_LITERAL_CONVERSION = YES;
				CLANG_WARN_OBJC_ROOT_CLASS = YES_ERROR;
				CLANG_WARN_QUOTED_INCLUDE_IN_FRAMEWORK_HEADER = YES;
				CLANG_WARN_RANGE_LOOP_ANALYSIS = YES;
				CLANG_WARN_STRICT_PROTOTYPES = YES;
				CLANG_WARN_SUSPICIOUS_MOVE = YES;
				CLANG_WARN_UNGUARDED_AVAILABILITY = YES_AGGRESSIVE;
				CLANG_WARN_UNREACHABLE_CODE = YES;
				CLANG_WARN__DUPLICATE_METHOD_MATCH = YES;
				COPY_PHASE_STRIP = NO;
				CURRENT_PROJECT_VERSION = 1;
				DEBUG_INFORMATION_FORMAT = "dwarf-with-dsym";
				ENABLE_NS_ASSERTIONS = NO;
				ENABLE_STRICT_OBJC_MSGSEND = YES;
				ENABLE_USER_SCRIPT_SANDBOXING = YES;
				GCC_C_LANGUAGE_STANDARD = gnu11;
				GCC_NO_COMMON_BLOCKS = YES;
				GCC_WARN_64_TO_32_BIT_CONVERSION = YES;
				GCC_WARN_ABOUT_RETURN_TYPE = YES_ERROR;
				GCC_WARN_UNDECLARED_SELECTOR = YES;
				GCC_WARN_UNINITIALIZED_AUTOS = YES_AGGRESSIVE;
				GCC_WARN_UNUSED_FUNCTION = YES;
				GCC_WARN_UNUSED_VARIABLE = YES;
				IPHONEOS_DEPLOYMENT_TARGET = 17.0;
				MARKETING_VERSION = 1.0;
				MTL_ENABLE_DEBUG_INFO = NO;
				MTL_FAST_MATH = YES;
				PRODUCT_NAME = "$(TARGET_NAME)";
				SDKROOT = iphoneos;
				SWIFT_COMPILATION_MODE = wholemodule;
				SWIFT_OPTIMIZATION_LEVEL = "-O";
				SWIFT_STRICT_CONCURRENCY = targeted;
				SWIFT_VERSION = 5.0;
			};
			name = Release;
		};
		14EE72CB364B6134B8D52594 /* Release */ = {
			isa = XCBuildConfiguration;
			buildSettings = {
				BUNDLE_LOADER = "$(TEST_HOST)";
				GENERATE_INFOPLIST_FILE = YES;
				LD_RUNPATH_SEARCH_PATHS = (
					"$(inherited)",
					"@executable_path/Frameworks",
					"@loader_path/Frameworks",
				);
				PRODUCT_BUNDLE_IDENTIFIER = com.sasawang.FitCoachUITests;
				SDKROOT = iphoneos;
				TARGETED_DEVICE_FAMILY = "1,2";
				TEST_TARGET_NAME = FitCoach;
			};
			name = Release;
		};
		214A1F0A6CA48B16F5ECB818 /* Debug */ = {
			isa = XCBuildConfiguration;
			buildSettings = {
				ALWAYS_SEARCH_USER_PATHS = NO;
				CLANG_ANALYZER_NONNULL = YES;
				CLANG_ANALYZER_NUMBER_OBJECT_CONVERSION = YES_AGGRESSIVE;
				CLANG_CXX_LANGUAGE_STANDARD = "gnu++14";
				CLANG_CXX_LIBRARY = "libc++";
				CLANG_ENABLE_MODULES = YES;
				CLANG_ENABLE_OBJC_ARC = YES;
				CLANG_ENABLE_OBJC_WEAK = YES;
				CLANG_WARN_BLOCK_CAPTURE_AUTORELEASING = YES;
				CLANG_WARN_BOOL_CONVERSION = YES;
				CLANG_WARN_COMMA = YES;
				CLANG_WARN_CONSTANT_CONVERSION = YES;
				CLANG_WARN_DEPRECATED_OBJC_IMPLEMENTATIONS = YES;
				CLANG_WARN_DIRECT_OBJC_ISA_USAGE = YES_ERROR;
				CLANG_WARN_DOCUMENTATION_COMMENTS = YES;
				CLANG_WARN_EMPTY_BODY = YES;
				CLANG_WARN_ENUM_CONVERSION = YES;
				CLANG_WARN_INFINITE_RECURSION = YES;
				CLANG_WARN_INT_CONVERSION = YES;
				CLANG_WARN_NON_LITERAL_NULL_CONVERSION = YES;
				CLANG_WARN_OBJC_IMPLICIT_RETAIN_SELF = YES;
				CLANG_WARN_OBJC_LITERAL_CONVERSION = YES;
				CLANG_WARN_OBJC_ROOT_CLASS = YES_ERROR;
				CLANG_WARN_QUOTED_INCLUDE_IN_FRAMEWORK_HEADER = YES;
				CLANG_WARN_RANGE_LOOP_ANALYSIS = YES;
				CLANG_WARN_STRICT_PROTOTYPES = YES;
				CLANG_WARN_SUSPICIOUS_MOVE = YES;
				CLANG_WARN_UNGUARDED_AVAILABILITY = YES_AGGRESSIVE;
				CLANG_WARN_UNREACHABLE_CODE = YES;
				CLANG_WARN__DUPLICATE_METHOD_MATCH = YES;
				COPY_PHASE_STRIP = NO;
				CURRENT_PROJECT_VERSION = 1;
				DEBUG_INFORMATION_FORMAT = dwarf;
				ENABLE_STRICT_OBJC_MSGSEND = YES;
				ENABLE_TESTABILITY = YES;
				ENABLE_USER_SCRIPT_SANDBOXING = YES;
				GCC_C_LANGUAGE_STANDARD = gnu11;
				GCC_DYNAMIC_NO_PIC = NO;
				GCC_NO_COMMON_BLOCKS = YES;
				GCC_OPTIMIZATION_LEVEL = 0;
				GCC_PREPROCESSOR_DEFINITIONS = (
					"$(inherited)",
					"DEBUG=1",
				);
				GCC_WARN_64_TO_32_BIT_CONVERSION = YES;
				GCC_WARN_ABOUT_RETURN_TYPE = YES_ERROR;
				GCC_WARN_UNDECLARED_SELECTOR = YES;
				GCC_WARN_UNINITIALIZED_AUTOS = YES_AGGRESSIVE;
				GCC_WARN_UNUSED_FUNCTION = YES;
				GCC_WARN_UNUSED_VARIABLE = YES;
				IPHONEOS_DEPLOYMENT_TARGET = 17.0;
				MARKETING_VERSION = 1.0;
				MTL_ENABLE_DEBUG_INFO = INCLUDE_SOURCE;
				MTL_FAST_MATH = YES;
				ONLY_ACTIVE_ARCH = YES;
				PRODUCT_NAME = "$(TARGET_NAME)";
				SDKROOT = iphoneos;
				SWIFT_ACTIVE_COMPILATION_CONDITIONS = DEBUG;
				SWIFT_OPTIMIZATION_LEVEL = "-Onone";
				SWIFT_STRICT_CONCURRENCY = targeted;
				SWIFT_VERSION = 5.0;
			};
			name = Debug;
		};
		462790624CA7903E11E84397 /* Debug */ = {
			isa = XCBuildConfiguration;
			buildSettings = {
				BUNDLE_LOADER = "$(TEST_HOST)";
				GENERATE_INFOPLIST_FILE = YES;
				LD_RUNPATH_SEARCH_PATHS = (
					"$(inherited)",
					"@executable_path/Frameworks",
					"@loader_path/Frameworks",
				);
				PRODUCT_BUNDLE_IDENTIFIER = com.sasawang.FitCoachUITests;
				SDKROOT = iphoneos;
				TARGETED_DEVICE_FAMILY = "1,2";
				TEST_TARGET_NAME = FitCoach;
			};
			name = Debug;
		};
		8261FEA115D681ACFCE08D5A /* Debug */ = {
			isa = XCBuildConfiguration;
			buildSettings = {
				ASSETCATALOG_COMPILER_APPICON_NAME = AppIcon;
				ASSETCATALOG_COMPILER_GLOBAL_ACCENT_COLOR_NAME = AccentColor;
				CODE_SIGN_IDENTITY = "iPhone Developer";
				DEVELOPMENT_TEAM = 6RG2F8YY59;
				ENABLE_PREVIEWS = YES;
				GENERATE_INFOPLIST_FILE = YES;
				INFOPLIST_KEY_UIApplicationSceneManifest_Generation = YES;
				INFOPLIST_KEY_UIApplicationSupportsIndirectInputEvents = YES;
				INFOPLIST_KEY_UILaunchScreen_Generation = YES;
				INFOPLIST_KEY_UISupportedInterfaceOrientations_iPhone = UIInterfaceOrientationPortrait;
				LD_RUNPATH_SEARCH_PATHS = (
					"$(inherited)",
					"@executable_path/Frameworks",
				);
				PRODUCT_BUNDLE_IDENTIFIER = com.sasawang.FitCoach2026;
				PRODUCT_NAME = FitCoach;
				SDKROOT = iphoneos;
				TARGETED_DEVICE_FAMILY = 1;
			};
			name = Debug;
		};
		910AEA1D1ED253C710CD7D2D /* Release */ = {
			isa = XCBuildConfiguration;
			buildSettings = {
				BUNDLE_LOADER = "$(TEST_HOST)";
				GENERATE_INFOPLIST_FILE = YES;
				LD_RUNPATH_SEARCH_PATHS = (
					"$(inherited)",
					"@executable_path/Frameworks",
					"@loader_path/Frameworks",
				);
				PRODUCT_BUNDLE_IDENTIFIER = com.sasawang.FitCoachTests;
				SDKROOT = iphoneos;
				TARGETED_DEVICE_FAMILY = "1,2";
				TEST_HOST = "$(BUILT_PRODUCTS_DIR)/FitCoach.app/FitCoach";
			};
			name = Release;
		};
		D762B7DF75A0AFB181786E09 /* Debug */ = {
			isa = XCBuildConfiguration;
			buildSettings = {
				BUNDLE_LOADER = "$(TEST_HOST)";
				GENERATE_INFOPLIST_FILE = YES;
				LD_RUNPATH_SEARCH_PATHS = (
					"$(inherited)",
					"@executable_path/Frameworks",
					"@loader_path/Frameworks",
				);
				PRODUCT_BUNDLE_IDENTIFIER = com.sasawang.FitCoachTests;
				SDKROOT = iphoneos;
				TARGETED_DEVICE_FAMILY = "1,2";
				TEST_HOST = "$(BUILT_PRODUCTS_DIR)/FitCoach.app/FitCoach";
			};
			name = Debug;
		};
		EAE9E7BD59D1392966764A9C /* Release */ = {
			isa = XCBuildConfiguration;
			buildSettings = {
				ASSETCATALOG_COMPILER_APPICON_NAME = AppIcon;
				ASSETCATALOG_COMPILER_GLOBAL_ACCENT_COLOR_NAME = AccentColor;
				CODE_SIGN_IDENTITY = "iPhone Developer";
				DEVELOPMENT_TEAM = 6RG2F8YY59;
				ENABLE_PREVIEWS = YES;
				GENERATE_INFOPLIST_FILE = YES;
				INFOPLIST_KEY_UIApplicationSceneManifest_Generation = YES;
				INFOPLIST_KEY_UIApplicationSupportsIndirectInputEvents = YES;
				INFOPLIST_KEY_UILaunchScreen_Generation = YES;
				INFOPLIST_KEY_UISupportedInterfaceOrientations_iPhone = UIInterfaceOrientationPortrait;
				LD_RUNPATH_SEARCH_PATHS = (
					"$(inherited)",
					"@executable_path/Frameworks",
				);
				PRODUCT_BUNDLE_IDENTIFIER = com.sasawang.FitCoach2026;
				PRODUCT_NAME = FitCoach;
				SDKROOT = iphoneos;
				TARGETED_DEVICE_FAMILY = 1;
			};
			name = Release;
		};
/* End XCBuildConfiguration section */

/* Begin XCConfigurationList section */
		17BB69F0E1E338A7CE205402 /* Build configuration list for PBXNativeTarget "FitCoachTests" */ = {
			isa = XCConfigurationList;
			buildConfigurations = (
				D762B7DF75A0AFB181786E09 /* Debug */,
				910AEA1D1ED253C710CD7D2D /* Release */,
			);
			defaultConfigurationIsVisible = 0;
			defaultConfigurationName = Debug;
		};
		3E947F04978CA0DE1744AC1B /* Build configuration list for PBXProject "FitCoach" */ = {
			isa = XCConfigurationList;
			buildConfigurations = (
				214A1F0A6CA48B16F5ECB818 /* Debug */,
				1154D4504D0E648744DE7BB4 /* Release */,
			);
			defaultConfigurationIsVisible = 0;
			defaultConfigurationName = Debug;
		};
		447F21BB531A8E810698BC29 /* Build configuration list for PBXNativeTarget "FitCoach" */ = {
			isa = XCConfigurationList;
			buildConfigurations = (
				8261FEA115D681ACFCE08D5A /* Debug */,
				EAE9E7BD59D1392966764A9C /* Release */,
			);
			defaultConfigurationIsVisible = 0;
			defaultConfigurationName = Debug;
		};
		55A5D4C77737173FEC6CBD58 /* Build configuration list for PBXNativeTarget "FitCoachUITests" */ = {
			isa = XCConfigurationList;
			buildConfigurations = (
				462790624CA7903E11E84397 /* Debug */,
				14EE72CB364B6134B8D52594 /* Release */,
			);
			defaultConfigurationIsVisible = 0;
			defaultConfigurationName = Debug;
		};
/* End XCConfigurationList section */
	};
	rootObject = FC356417FA740DB7CA805B67 /* Project object */;
}
